
Microsoft Visual Studio Solution File, Format Version 12.00
# Visual Studio Version 17
VisualStudioVersion = 17.12.35707.178
MinimumVisualStudioVersion = 10.0.40219.1
Project("{FAE04EC0-301F-11D3-BF4B-00C04F79EFBC}") = "Domain", "Domain\Domain.csproj", "{9AC16DB6-D51F-4DDD-BE7E-0C32939A0570}"
EndProject
Project("{FAE04EC0-301F-11D3-BF4B-00C04F79EFBC}") = "DAL", "DAL\DAL.csproj", "{B0C9E07D-C8D5-4EBA-A19A-DD41592FC916}"
EndProject
Project("{FAE04EC0-301F-11D3-BF4B-00C04F79EFBC}") = "BackEnd", "BackEnd\BackEnd.csproj", "{FEC1B3B7-4339-480F-9D60-87366237D013}"
EndProject
Project("{FAE04EC0-301F-11D3-BF4B-00C04F79EFBC}") = "FrontEnd", "FrontEnd\FrontEnd.csproj", "{E2D57A49-D67E-4AF7-9CFF-106834AF9209}"
EndProject
Global
	GlobalSection(SolutionConfigurationPlatforms) = preSolution
		Debug|Any CPU = Debug|Any CPU
		Release|Any CPU = Release|Any CPU
	EndGlobalSection
	GlobalSection(ProjectConfigurationPlatforms) = postSolution
		{9AC16DB6-D51F-4DDD-BE7E-0C32939A0570}.Debug|Any CPU.ActiveCfg = Debug|Any CPU
		{9AC16DB6-D51F-4DDD-BE7E-0C32939A0570}.Debug|Any CPU.Build.0 = Debug|Any CPU
		{9AC16DB6-D51F-4DDD-BE7E-0C32939A0570}.Release|Any CPU.ActiveCfg = Release|Any CPU
		{9AC16DB6-D51F-4DDD-BE7E-0C32939A0570}.Release|Any CPU.Build.0 = Release|Any CPU
		{B0C9E07D-C8D5-4EBA-A19A-DD41592FC916}.Debug|Any CPU.ActiveCfg = Debug|Any CPU
		{B0C9E07D-C8D5-4EBA-A19A-DD41592FC916}.Debug|Any CPU.Build.0 = Debug|Any CPU
		{B0C9E07D-C8D5-4EBA-A19A-DD41592FC916}.Release|Any CPU.ActiveCfg = Release|Any CPU
		{B0C9E07D-C8D5-4EBA-A19A-DD41592FC916}.Release|Any CPU.Build.0 = Release|Any CPU
		{FEC1B3B7-4339-480F-9D60-87366237D013}.Debug|Any CPU.ActiveCfg = Debug|Any CPU
		{FEC1B3B7-4339-480F-9D60-87366237D013}.Debug|Any CPU.Build.0 = Debug|Any CPU
		{FEC1B3B7-4339-480F-9D60-87366237D013}.Release|Any CPU.ActiveCfg = Release|Any CPU
		{FEC1B3B7-4339-480F-9D60-87366237D013}.Release|Any CPU.Build.0 = Release|Any CPU
		{E2D57A49-D67E-4AF7-9CFF-106834AF9209}.Debug|Any CPU.ActiveCfg = Debug|Any CPU
		{E2D57A49-D67E-4AF7-9CFF-106834AF9209}.Debug|Any CPU.Build.0 = Debug|Any CPU
		{E2D57A49-D67E-4AF7-9CFF-106834AF9209}.Release|Any CPU.ActiveCfg = Release|Any CPU
		{E2D57A49-D67E-4AF7-9CFF-106834AF9209}.Release|Any CPU.Build.0 = Release|Any CPU
	EndGlobalSection
	GlobalSection(SolutionProperties) = preSolution
		HideSolutionNode = FALSE
	EndGlobalSection
EndGlobal
